{
  "name": "tragedy-of-cows-game-1",
  "version": "1.0.0",
  "lockfileVersion": 2,
  "requires": true,
  "packages": {
    "": {
      "name": "tragedy-of-cows-game-1",
      "version": "1.0.0",
      "license": "ISC",
      "dependencies": {
        "diophantine": "^1.1.0",
        "ws": "^8.11.0"
      }
    },
    "node_modules/diophantine": {
      "version": "1.1.0",
      "resolved": "https://registry.npmjs.org/diophantine/-/diophantine-1.1.0.tgz",
      "integrity": "sha512-XTpf5RvbfXfex3JmWD6odRihM/eKG34lseM0b1mU1WpnrLN5ZuuVsueOqVlxyAE8XnTe7ziErXs7Yq3tXi9tAA==",
      "funding": [
        {
          "type": "Crypto (Coinbase)",
          "url": "https://commerce.coinbase.com/checkout/97a05cdf-7d82-4f9a-9a24-fbbc65ac5a4d"
        },
        {
          "type": "Chocolate",
          "url": "https://commerce.coinbase.com/checkout/524c088f-9046-40ca-b2f4-605774b7b7fe"
        }
      ]
    },
    "node_modules/ws": {
      "version": "8.11.0",
      "resolved": "https://registry.npmjs.org/ws/-/ws-8.11.0.tgz",
      "integrity": "sha512-HPG3wQd9sNQoT9xHyNCXoDUa+Xw/VevmY9FoHyQ+g+rrMn4j6FB4np7Z0OhdTgjx6MgQLK7jwSy1YecU1+4Asg==",
      "engines": {
        "node": ">=10.0.0"
      },
      "peerDependencies": {
        "bufferutil": "^4.0.1",
        "utf-8-validate": "^5.0.2"
      },
      "peerDependenciesMeta": {
        "bufferutil": {
          "optional": true
        },
        "utf-8-validate": {
          "optional": true
        }
      }
    }
  },
  "dependencies": {
    "diophantine": {
      "version": "1.1.0",
      "resolved": "https://registry.npmjs.org/diophantine/-/diophantine-1.1.0.tgz",
      "integrity": "sha512-XTpf5RvbfXfex3JmWD6odRihM/eKG34lseM0b1mU1WpnrLN5ZuuVsueOqVlxyAE8XnTe7ziErXs7Yq3tXi9tAA=="
    },
    "ws": {
      "version": "8.11.0",
      "resolved": "https://registry.npmjs.org/ws/-/ws-8.11.0.tgz",
      "integrity": "sha512-HPG3wQd9sNQoT9xHyNCXoDUa+Xw/VevmY9FoHyQ+g+rrMn4j6FB4np7Z0OhdTgjx6MgQLK7jwSy1YecU1+4Asg==",
      "requires": {}
    }
  }
}
